PODS:
  - AcceptCardSDK (5.6.0)
  - Alamofire (5.6.4)
  - Bond (7.8.1):
    - Differ (~> 1.4)
    - ReactiveKit (~> 3.14)
  - CachyKit (1.0.14)
  - Cosmos (25.0.1)
  - Differ (1.4.5)
  - DynamicBlurView (4.1.0)
  - Firebase (11.5.0):
    - Firebase/Core (= 11.5.0)
  - Firebase/Core (11.5.0):
    - Firebase/CoreOnly
    - FirebaseAnalytics (~> 11.5.0)
  - Firebase/CoreOnly (11.5.0):
    - FirebaseCore (= 11.5.0)
  - FirebaseAnalytics (11.5.0):
    - FirebaseAnalytics/AdIdSupport (= 11.5.0)
    - FirebaseCore (= 11.5)
    - FirebaseInstallations (~> 11.0)
    - GoogleUtilities/AppDelegateSwizzler (~> 8.0)
    - GoogleUtilities/MethodSwizzler (~> 8.0)
    - GoogleUtilities/Network (~> 8.0)
    - "GoogleUtilities/NSData+zlib (~> 8.0)"
    - nanopb (~> 3.30910.0)
  - FirebaseAnalytics/AdIdSupport (11.5.0):
    - FirebaseCore (= 11.5)
    - FirebaseInstallations (~> 11.0)
    - GoogleAppMeasurement (= 11.5.0)
    - GoogleUtilities/AppDelegateSwizzler (~> 8.0)
    - GoogleUtilities/MethodSwizzler (~> 8.0)
    - GoogleUtilities/Network (~> 8.0)
    - "GoogleUtilities/NSData+zlib (~> 8.0)"
    - nanopb (~> 3.30910.0)
  - FirebaseAppCheckInterop (11.5.0)
  - FirebaseAuth (11.5.0):
    - FirebaseAppCheckInterop (~> 11.0)
    - FirebaseAuthInterop (~> 11.0)
    - FirebaseCore (= 11.5)
    - FirebaseCoreExtension (= 11.5)
    - GoogleUtilities/AppDelegateSwizzler (~> 8.0)
    - GoogleUtilities/Environment (~> 8.0)
    - GTMSessionFetcher/Core (< 5.0, >= 3.4)
    - RecaptchaInterop (~> 100.0)
  - FirebaseAuthInterop (11.5.0)
  - FirebaseCore (11.5.0):
    - FirebaseCoreInternal (= 11.5)
    - GoogleUtilities/Environment (~> 8.0)
    - GoogleUtilities/Logger (~> 8.0)
  - FirebaseCoreExtension (11.5.0):
    - FirebaseCore (= 11.5)
  - FirebaseCoreInternal (11.5.0):
    - "GoogleUtilities/NSData+zlib (~> 8.0)"
  - FirebaseInstallations (11.5.0):
    - FirebaseCore (= 11.5)
    - GoogleUtilities/Environment (~> 8.0)
    - GoogleUtilities/UserDefaults (~> 8.0)
    - PromisesObjC (~> 2.4)
  - FirebaseMessaging (11.5.0):
    - FirebaseCore (= 11.5)
    - FirebaseInstallations (~> 11.0)
    - GoogleDataTransport (~> 10.0)
    - GoogleUtilities/AppDelegateSwizzler (~> 8.0)
    - GoogleUtilities/Environment (~> 8.0)
    - GoogleUtilities/Reachability (~> 8.0)
    - GoogleUtilities/UserDefaults (~> 8.0)
    - nanopb (~> 3.30910.0)
  - FontAwesome.swift (1.9.1)
  - FSnapChatLoading (1.0.5)
  - GoogleAppMeasurement (11.5.0):
    - GoogleAppMeasurement/AdIdSupport (= 11.5.0)
    - GoogleUtilities/AppDelegateSwizzler (~> 8.0)
    - GoogleUtilities/MethodSwizzler (~> 8.0)
    - GoogleUtilities/Network (~> 8.0)
    - "GoogleUtilities/NSData+zlib (~> 8.0)"
    - nanopb (~> 3.30910.0)
  - GoogleAppMeasurement/AdIdSupport (11.5.0):
    - GoogleAppMeasurement/WithoutAdIdSupport (= 11.5.0)
    - GoogleUtilities/AppDelegateSwizzler (~> 8.0)
    - GoogleUtilities/MethodSwizzler (~> 8.0)
    - GoogleUtilities/Network (~> 8.0)
    - "GoogleUtilities/NSData+zlib (~> 8.0)"
    - nanopb (~> 3.30910.0)
  - GoogleAppMeasurement/WithoutAdIdSupport (11.5.0):
    - GoogleUtilities/AppDelegateSwizzler (~> 8.0)
    - GoogleUtilities/MethodSwizzler (~> 8.0)
    - GoogleUtilities/Network (~> 8.0)
    - "GoogleUtilities/NSData+zlib (~> 8.0)"
    - nanopb (~> 3.30910.0)
  - GoogleDataTransport (10.1.0):
    - nanopb (~> 3.30910.0)
    - PromisesObjC (~> 2.4)
  - GoogleMaps (7.4.0):
    - GoogleMaps/Maps (= 7.4.0)
  - GoogleMaps/Base (7.4.0)
  - GoogleMaps/Maps (7.4.0):
    - GoogleMaps/Base
  - GooglePlaces (7.4.0)
  - GoogleUtilities/AppDelegateSwizzler (8.0.2):
    - GoogleUtilities/Environment
    - GoogleUtilities/Logger
    - GoogleUtilities/Network
    - GoogleUtilities/Privacy
  - GoogleUtilities/Environment (8.0.2):
    - GoogleUtilities/Privacy
  - GoogleUtilities/Logger (8.0.2):
    - GoogleUtilities/Environment
    - GoogleUtilities/Privacy
  - GoogleUtilities/MethodSwizzler (8.0.2):
    - GoogleUtilities/Logger
    - GoogleUtilities/Privacy
  - GoogleUtilities/Network (8.0.2):
    - GoogleUtilities/Logger
    - "GoogleUtilities/NSData+zlib"
    - GoogleUtilities/Privacy
    - GoogleUtilities/Reachability
  - "GoogleUtilities/NSData+zlib (8.0.2)":
    - GoogleUtilities/Privacy
  - GoogleUtilities/Privacy (8.0.2)
  - GoogleUtilities/Reachability (8.0.2):
    - GoogleUtilities/Logger
    - GoogleUtilities/Privacy
  - GoogleUtilities/UserDefaults (8.0.2):
    - GoogleUtilities/Logger
    - GoogleUtilities/Privacy
  - GTMSessionFetcher/Core (4.1.0)
  - IQKeyboardCore (1.0.5)
  - IQKeyboardManagerSwift (8.0.0):
    - IQKeyboardManagerSwift/Appearance (= 8.0.0)
    - IQKeyboardManagerSwift/Core (= 8.0.0)
    - IQKeyboardManagerSwift/IQKeyboardReturnManager (= 8.0.0)
    - IQKeyboardManagerSwift/IQKeyboardToolbarManager (= 8.0.0)
    - IQKeyboardManagerSwift/IQTextView (= 8.0.0)
    - IQKeyboardManagerSwift/Resign (= 8.0.0)
  - IQKeyboardManagerSwift/Appearance (8.0.0):
    - IQKeyboardManagerSwift/Core
  - IQKeyboardManagerSwift/Core (8.0.0):
    - IQKeyboardNotification
    - IQTextInputViewNotification
  - IQKeyboardManagerSwift/IQKeyboardReturnManager (8.0.0):
    - IQKeyboardReturnManager
  - IQKeyboardManagerSwift/IQKeyboardToolbarManager (8.0.0):
    - IQKeyboardManagerSwift/Core
    - IQKeyboardToolbarManager
  - IQKeyboardManagerSwift/IQTextView (8.0.0):
    - IQTextView
  - IQKeyboardManagerSwift/Resign (8.0.0):
    - IQKeyboardManagerSwift/Core
  - IQKeyboardNotification (1.0.3)
  - IQKeyboardReturnManager (1.0.4):
    - IQKeyboardCore (= 1.0.5)
  - IQKeyboardToolbar (1.1.1):
    - IQKeyboardCore
    - IQKeyboardToolbar/Core (= 1.1.1)
  - IQKeyboardToolbar/Core (1.1.1):
    - IQKeyboardCore
    - IQKeyboardToolbar/Placeholderable
  - IQKeyboardToolbar/Placeholderable (1.1.1):
    - IQKeyboardCore
  - IQKeyboardToolbarManager (1.1.2):
    - IQKeyboardToolbar
    - IQTextInputViewNotification
  - IQTextInputViewNotification (1.0.8):
    - IQKeyboardCore
  - IQTextView (1.0.5):
    - IQKeyboardToolbar/Placeholderable
  - Japx (3.0.0):
    - Japx/Core (= 3.0.0)
  - Japx/Codable (3.0.0):
    - Japx/Core
  - Japx/Core (3.0.0)
  - Kingfisher (5.15.8):
    - Kingfisher/Core (= 5.15.8)
  - Kingfisher/Core (5.15.8)
  - Localize-Swift (1.7.0)
  - MOLH (1.4.3)
  - nanopb (3.30910.0):
    - nanopb/decode (= 3.30910.0)
    - nanopb/encode (= 3.30910.0)
  - nanopb/decode (3.30910.0)
  - nanopb/encode (3.30910.0)
  - PopupDialog (1.1.1):
    - DynamicBlurView (~> 4.0)
  - PromisesObjC (2.4.0)
  - R.swift (7.2.4)
  - ReactiveKit (3.19.1)
  - RecaptchaInterop (100.0.0)
  - RxSwift (6.8.0)
  - SideMenu (6.5.0)
  - SVProgressHUD (2.3.1):
    - SVProgressHUD/Core (= 2.3.1)
  - SVProgressHUD/Core (2.3.1)
  - SwifterSwift (6.2.0):
    - SwifterSwift/AppKit (= 6.2.0)
    - SwifterSwift/Combine (= 6.2.0)
    - SwifterSwift/CoreAnimation (= 6.2.0)
    - SwifterSwift/CoreGraphics (= 6.2.0)
    - SwifterSwift/CoreLocation (= 6.2.0)
    - SwifterSwift/CryptoKit (= 6.2.0)
    - SwifterSwift/Dispatch (= 6.2.0)
    - SwifterSwift/Foundation (= 6.2.0)
    - SwifterSwift/HealthKit (= 6.2.0)
    - SwifterSwift/MapKit (= 6.2.0)
    - SwifterSwift/SceneKit (= 6.2.0)
    - SwifterSwift/SpriteKit (= 6.2.0)
    - SwifterSwift/StoreKit (= 6.2.0)
    - SwifterSwift/SwiftStdlib (= 6.2.0)
    - SwifterSwift/UIKit (= 6.2.0)
    - SwifterSwift/WebKit (= 6.2.0)
  - SwifterSwift/AppKit (6.2.0)
  - SwifterSwift/Combine (6.2.0)
  - SwifterSwift/CoreAnimation (6.2.0)
  - SwifterSwift/CoreGraphics (6.2.0)
  - SwifterSwift/CoreLocation (6.2.0)
  - SwifterSwift/CryptoKit (6.2.0)
  - SwifterSwift/Dispatch (6.2.0)
  - SwifterSwift/Foundation (6.2.0)
  - SwifterSwift/HealthKit (6.2.0)
  - SwifterSwift/MapKit (6.2.0)
  - SwifterSwift/SceneKit (6.2.0)
  - SwifterSwift/SpriteKit (6.2.0)
  - SwifterSwift/StoreKit (6.2.0)
  - SwifterSwift/SwiftStdlib (6.2.0)
  - SwifterSwift/UIKit (6.2.0)
  - SwifterSwift/WebKit (6.2.0)
  - Swinject (2.7.1)
  - SwinjectStoryboard (2.2.2):
    - Swinject (~> 2.7.1)
  - TextFieldEffects (1.6.0)
  - WDFrameWorkIOS (3.5.1):
    - AcceptCardSDK (= 5.6.0)
    - Alamofire (~> 5.6.4)
    - Bond
    - CachyKit
    - Cosmos
    - Firebase
    - FirebaseAuth
    - FirebaseCore
    - FirebaseMessaging
    - FontAwesome.swift
    - FSnapChatLoading
    - GoogleMaps
    - GooglePlaces
    - IQKeyboardManagerSwift (~> 8.0.0)
    - Japx
    - Japx/Codable
    - Kingfisher (~> 5.0)
    - Localize-Swift (= 1.7.0)
    - MOLH
    - PopupDialog (~> 1.1)
    - R.swift (~> 7.2.4)
    - RxSwift
    - SideMenu
    - SVProgressHUD
    - SwifterSwift (~> 6.2.0)
    - Swinject
    - SwinjectStoryboard
    - TextFieldEffects

DEPENDENCIES:
  - WDFrameWorkIOS (from `../`)

SPEC REPOS:
  trunk:
    - AcceptCardSDK
    - Alamofire
    - Bond
    - CachyKit
    - Cosmos
    - Differ
    - DynamicBlurView
    - Firebase
    - FirebaseAnalytics
    - FirebaseAppCheckInterop
    - FirebaseAuth
    - FirebaseAuthInterop
    - FirebaseCore
    - FirebaseCoreExtension
    - FirebaseCoreInternal
    - FirebaseInstallations
    - FirebaseMessaging
    - FontAwesome.swift
    - FSnapChatLoading
    - GoogleAppMeasurement
    - GoogleDataTransport
    - GoogleMaps
    - GooglePlaces
    - GoogleUtilities
    - GTMSessionFetcher
    - IQKeyboardCore
    - IQKeyboardManagerSwift
    - IQKeyboardNotification
    - IQKeyboardReturnManager
    - IQKeyboardToolbar
    - IQKeyboardToolbarManager
    - IQTextInputViewNotification
    - IQTextView
    - Japx
    - Kingfisher
    - Localize-Swift
    - MOLH
    - nanopb
    - PopupDialog
    - PromisesObjC
    - R.swift
    - ReactiveKit
    - RecaptchaInterop
    - RxSwift
    - SideMenu
    - SVProgressHUD
    - SwifterSwift
    - Swinject
    - SwinjectStoryboard
    - TextFieldEffects

EXTERNAL SOURCES:
  WDFrameWorkIOS:
    :path: "../"

SPEC CHECKSUMS:
  AcceptCardSDK: e58ae71e6d4a817043da508706164411921ce638
  Alamofire: 4e95d97098eacb88856099c4fc79b526a299e48c
  Bond: 87075c7f20f37ea3e73dc7057fce839787bf46eb
  CachyKit: faf004f56dc0435d7eadbe2569844a59fdc4f334
  Cosmos: 02db0a1c953107049bfd2d7af19ceef55ecb7e98
  Differ: 3b6bd78e2b20cc795d9a86f7641d087524e4273e
  DynamicBlurView: 58e18fae80bb614e34681a4486870e7d257b62e8
  Firebase: 7a56fe4f56b5ab81b86a6822f5b8f909ae6fc7e2
  FirebaseAnalytics: 2f4a11eeb7a0e9c6fcf642d4e6aaca7fa4d38c28
  FirebaseAppCheckInterop: d265d9f4484e7ec1c591086408840fdd383d1213
  FirebaseAuth: d8ad770642af39d1be932094be5f5230efb0ea74
  FirebaseAuthInterop: 1219bee9b23e6ebe84c256a0d95adab53d11c331
  FirebaseCore: 93abc05437f8064cd2bc0a53b768fb0bc5a1d006
  FirebaseCoreExtension: ddb2eb987f736b714d30f6386795b52c4670439e
  FirebaseCoreInternal: f47dd28ae7782e6a4738aad3106071a8fe0af604
  FirebaseInstallations: d8063d302a426d114ac531cd82b1e335a0565745
  FirebaseMessaging: 9f4e42053241bd45ce8565c881bfdd9c1df2f7da
  FontAwesome.swift: 6b52cb7be66eacd28cbfaa0ca7ffd0de4a186a1d
  FSnapChatLoading: c06f4e0a4a4ec1eba8f2fef46f8c1653cc79b2ef
  GoogleAppMeasurement: ee5c2d2242816773fbf79e5b0563f5355ef1c315
  GoogleDataTransport: aae35b7ea0c09004c3797d53c8c41f66f219d6a7
  GoogleMaps: 032f676450ba0779bd8ce16840690915f84e57ac
  GooglePlaces: 544e908d94860bf6f8fc1865b80d2c7eb6b5f937
  GoogleUtilities: 26a3abef001b6533cf678d3eb38fd3f614b7872d
  GTMSessionFetcher: 923b710231ad3d6f3f0495ac1ced35421e07d9a6
  IQKeyboardCore: 28c8bf3bcd8ba5aa1570b318cbc4da94b861711e
  IQKeyboardManagerSwift: 0c6fbbaa2e60739e48d7cf59f25661471a7a3a65
  IQKeyboardNotification: d7382c4466c5a5adef92c7452ebf861b36050088
  IQKeyboardReturnManager: 972be48528ce9e7508ab3ab15ac7efac803f17f5
  IQKeyboardToolbar: d4bdccfb78324aec2f3920659c77bb89acd33312
  IQKeyboardToolbarManager: 6f4072ac620c2572d4af8c09f42a801f3e4909f7
  IQTextInputViewNotification: f5e954d8881fd9808b744e49e024cc0d4bcfe572
  IQTextView: ae13b4922f22e6f027f62c557d9f4f236b19d5c7
  Japx: d1f7f3e4b94f2013538102e96cf96fd417005f76
  Kingfisher: a3c03d702433fa6cfedabb2bddbe076fb8f2e902
  Localize-Swift: 61ff1bf8916155dd8e95d5e3f49df7be5e8afe9f
  MOLH: e45827d200aeb1310641090fd8cd03ad2b42ae72
  nanopb: fad817b59e0457d11a5dfbde799381cd727c1275
  PopupDialog: 720c92befd8bc23c13442254945213db5612f149
  PromisesObjC: f5707f49cb48b9636751c5b2e7d227e43fba9f47
  R.swift: 681bb9135f482e7a81d9d27445b837fef5467e11
  ReactiveKit: a36ebeb959fe6852dd674cc423163bfffb7e0541
  RecaptchaInterop: 7d1a4a01a6b2cb1610a47ef3f85f0c411434cb21
  RxSwift: 4e28be97cbcfeee614af26d83415febbf2bf6f45
  SideMenu: f583187d21c5b1dd04c72002be544b555a2627a2
  SVProgressHUD: 4837c74bdfe2e51e8821c397825996a8d7de6e22
  SwifterSwift: dd00873fb09cde19da88bdb2878f9fe70fe27b0f
  Swinject: ddf78b8486dd9b71a667b852cad919ab4484478e
  SwinjectStoryboard: 240ce371396da09a4c43c72ee5c148108500e184
  TextFieldEffects: 529b8aff706fb40f82c41c780c0777941a893796
  WDFrameWorkIOS: bfa98fd2e10fdb0aa573824796a689ba421727ae

PODFILE CHECKSUM: 3ed71ff6d7b4335c6f24b6c4f9586f321dd86290

COCOAPODS: 1.16.2
